
Microsoft Visual Studio Solution File, Format Version 12.00
# Visual Studio Version 17
VisualStudioVersion = 17.4.33213.308
MinimumVisualStudioVersion = 10.0.40219.1
Project("{FAE04EC0-301F-11D3-BF4B-00C04F79EFBC}") = "CustomerCareModule", "CustomerCareModule\CustomerCareModule.csproj", "{131581C5-2590-48BB-A405-4741CAC26EA0}"
EndProject
Global
	GlobalSection(SolutionConfigurationPlatforms) = preSolution
		Debug|Any CPU = Debug|Any CPU
		Release|Any CPU = Release|Any CPU
	EndGlobalSection
	GlobalSection(ProjectConfigurationPlatforms) = postSolution
		{131581C5-2590-48BB-A405-4741CAC26EA0}.Debug|Any CPU.ActiveCfg = Debug|Any CPU
		{131581C5-2590-48BB-A405-4741CAC26EA0}.Debug|Any CPU.Build.0 = Debug|Any CPU
		{131581C5-2590-48BB-A405-4741CAC26EA0}.Release|Any CPU.ActiveCfg = Release|Any CPU
		{131581C5-2590-48BB-A405-4741CAC26EA0}.Release|Any CPU.Build.0 = Release|Any CPU
	EndGlobalSection
	GlobalSection(SolutionProperties) = preSolution
		HideSolutionNode = FALSE
	EndGlobalSection
	GlobalSection(ExtensibilityGlobals) = postSolution
		SolutionGuid = {AE8A975E-DA8A-45CA-901E-8E31AE6C75BF}
	EndGlobalSection
EndGlobal
